
Microsoft Visual Studio Solution File, Format Version 12.00
# Visual Studio Version 17
VisualStudioVersion = 17.0.31903.59
MinimumVisualStudioVersion = 10.0.40219.1
Project("{FAE04EC0-301F-11D3-BF4B-00C04F79EFBC}") = "Library.LearningManagement", "Library.LearningManagement\Library.LearningManagement.csproj", "{A537AC67-B453-4FF0-9286-DD05AC7F7598}"
EndProject
Global
	GlobalSection(SolutionConfigurationPlatforms) = preSolution
		Debug|Any CPU = Debug|Any CPU
		Release|Any CPU = Release|Any CPU
	EndGlobalSection
	GlobalSection(SolutionProperties) = preSolution
		HideSolutionNode = FALSE
	EndGlobalSection
	GlobalSection(ProjectConfigurationPlatforms) = postSolution
		{A537AC67-B453-4FF0-9286-DD05AC7F7598}.Debug|Any CPU.ActiveCfg = Debug|Any CPU
		{A537AC67-B453-4FF0-9286-DD05AC7F7598}.Debug|Any CPU.Build.0 = Debug|Any CPU
		{A537AC67-B453-4FF0-9286-DD05AC7F7598}.Release|Any CPU.ActiveCfg = Release|Any CPU
		{A537AC67-B453-4FF0-9286-DD05AC7F7598}.Release|Any CPU.Build.0 = Release|Any CPU
	EndGlobalSection
EndGlobal
